// !$*UTF8*$!
{
	archiveVersion = 1;
	classes = {
	};
	objectVersion = 56;
	objects = {

/* Begin PBXBuildFile section */
		A113668529DFFBC80039E07B /* moluccus_iosApp.swift in Sources */ = {isa = PBXBuildFile; fileRef = A113668429DFFBC80039E07B /* moluccus_iosApp.swift */; };
		A113668729DFFBC80039E07B /* ContentView.swift in Sources */ = {isa = PBXBuildFile; fileRef = A113668629DFFBC80039E07B /* ContentView.swift */; };
		A113668929DFFBCA0039E07B /* Assets.xcassets in Resources */ = {isa = PBXBuildFile; fileRef = A113668829DFFBCA0039E07B /* Assets.xcassets */; };
		A113668D29DFFBCA0039E07B /* Preview Assets.xcassets in Resources */ = {isa = PBXBuildFile; fileRef = A113668C29DFFBCA0039E07B /* Preview Assets.xcassets */; };
		A113669729DFFBCA0039E07B /* moluccus_iosTests.swift in Sources */ = {isa = PBXBuildFile; fileRef = A113669629DFFBCA0039E07B /* moluccus_iosTests.swift */; };
		A11366A129DFFBCA0039E07B /* moluccus_iosUITests.swift in Sources */ = {isa = PBXBuildFile; fileRef = A11366A029DFFBCA0039E07B /* moluccus_iosUITests.swift */; };
		A11366A329DFFBCA0039E07B /* moluccus_iosUITestsLaunchTests.swift in Sources */ = {isa = PBXBuildFile; fileRef = A11366A229DFFBCA0039E07B /* moluccus_iosUITestsLaunchTests.swift */; };
		A11366B129E00ACA0039E07B /* FirebaseAuth in Frameworks */ = {isa = PBXBuildFile; productRef = A11366B029E00ACA0039E07B /* FirebaseAuth */; };
		A11366B329E00ACA0039E07B /* FirebaseAuthCombine-Community in Frameworks */ = {isa = PBXBuildFile; productRef = A11366B229E00ACA0039E07B /* FirebaseAuthCombine-Community */; };
		A11366B529E00ACA0039E07B /* FirebaseCrashlytics in Frameworks */ = {isa = PBXBuildFile; productRef = A11366B429E00ACA0039E07B /* FirebaseCrashlytics */; };
		A11366B729E00ACA0039E07B /* FirebaseDatabase in Frameworks */ = {isa = PBXBuildFile; productRef = A11366B629E00ACA0039E07B /* FirebaseDatabase */; };
		A11366B929E00ACA0039E07B /* FirebaseDatabaseSwift in Frameworks */ = {isa = PBXBuildFile; productRef = A11366B829E00ACA0039E07B /* FirebaseDatabaseSwift */; };
		A11366BB29E00ACA0039E07B /* FirebaseInAppMessaging-Beta in Frameworks */ = {isa = PBXBuildFile; productRef = A11366BA29E00ACA0039E07B /* FirebaseInAppMessaging-Beta */; };
		A11366BD29E00ACA0039E07B /* FirebaseMessaging in Frameworks */ = {isa = PBXBuildFile; productRef = A11366BC29E00ACA0039E07B /* FirebaseMessaging */; };
		A11366BF29E00ACB0039E07B /* FirebaseStorage in Frameworks */ = {isa = PBXBuildFile; productRef = A11366BE29E00ACB0039E07B /* FirebaseStorage */; };
		A11366C129E00ACB0039E07B /* FirebaseStorageCombine-Community in Frameworks */ = {isa = PBXBuildFile; productRef = A11366C029E00ACB0039E07B /* FirebaseStorageCombine-Community */; };
		A11366C329E00E620039E07B /* ContentStart.swift in Sources */ = {isa = PBXBuildFile; fileRef = A11366C229E00E620039E07B /* ContentStart.swift */; };
		A11366C429E00E620039E07B /* ContentStart.swift in Sources */ = {isa = PBXBuildFile; fileRef = A11366C229E00E620039E07B /* ContentStart.swift */; };
		A11366C529E00E620039E07B /* ContentStart.swift in Sources */ = {isa = PBXBuildFile; fileRef = A11366C229E00E620039E07B /* ContentStart.swift */; };
		A11366C729E018B70039E07B /* GoogleService-Info.plist in Resources */ = {isa = PBXBuildFile; fileRef = A11366C629E018B60039E07B /* GoogleService-Info.plist */; };
		A11366C929E02BB80039E07B /* HomeView.swift in Sources */ = {isa = PBXBuildFile; fileRef = A11366C829E02BB80039E07B /* HomeView.swift */; };
/* End PBXBuildFile section */

/* Begin PBXContainerItemProxy section */
		A113669329DFFBCA0039E07B /* PBXContainerItemProxy */ = {
			isa = PBXContainerItemProxy;
			containerPortal = A113667929DFFBC70039E07B /* Project object */;
			proxyType = 1;
			remoteGlobalIDString = A113668029DFFBC70039E07B;
			remoteInfo = "moluccus-ios";
		};
		A113669D29DFFBCA0039E07B /* PBXContainerItemProxy */ = {
			isa = PBXContainerItemProxy;
			containerPortal = A113667929DFFBC70039E07B /* Project object */;
			proxyType = 1;
			remoteGlobalIDString = A113668029DFFBC70039E07B;
			remoteInfo = "moluccus-ios";
		};
/* End PBXContainerItemProxy section */

/* Begin PBXFileReference section */
		A113668129DFFBC70039E07B /* moluccus-ios.app */ = {isa = PBXFileReference; explicitFileType = wrapper.application; includeInIndex = 0; path = "moluccus-ios.app"; sourceTree = BUILT_PRODUCTS_DIR; };
		A113668429DFFBC80039E07B /* moluccus_iosApp.swift */ = {isa = PBXFileReference; lastKnownFileType = sourcecode.swift; path = moluccus_iosApp.swift; sourceTree = "<group>"; };
		A113668629DFFBC80039E07B /* ContentView.swift */ = {isa = PBXFileReference; lastKnownFileType = sourcecode.swift; path = ContentView.swift; sourceTree = "<group>"; };
		A113668829DFFBCA0039E07B /* Assets.xcassets */ = {isa = PBXFileReference; lastKnownFileType = folder.assetcatalog; path = Assets.xcassets; sourceTree = "<group>"; };
		A113668A29DFFBCA0039E07B /* moluccus_ios.entitlements */ = {isa = PBXFileReference; lastKnownFileType = text.plist.entitlements; path = moluccus_ios.entitlements; sourceTree = "<group>"; };
		A113668C29DFFBCA0039E07B /* Preview Assets.xcassets */ = {isa = PBXFileReference; lastKnownFileType = folder.assetcatalog; path = "Preview Assets.xcassets"; sourceTree = "<group>"; };
		A113669229DFFBCA0039E07B /* moluccus-iosTests.xctest */ = {isa = PBXFileReference; explicitFileType = wrapper.cfbundle; includeInIndex = 0; path = "moluccus-iosTests.xctest"; sourceTree = BUILT_PRODUCTS_DIR; };
		A113669629DFFBCA0039E07B /* moluccus_iosTests.swift */ = {isa = PBXFileReference; lastKnownFileType = sourcecode.swift; path = moluccus_iosTests.swift; sourceTree = "<group>"; };
		A113669C29DFFBCA0039E07B /* moluccus-iosUITests.xctest */ = {isa = PBXFileReference; explicitFileType = wrapper.cfbundle; includeInIndex = 0; path = "moluccus-iosUITests.xctest"; sourceTree = BUILT_PRODUCTS_DIR; };
		A11366A029DFFBCA0039E07B /* moluccus_iosUITests.swift */ = {isa = PBXFileReference; lastKnownFileType = sourcecode.swift; path = moluccus_iosUITests.swift; sourceTree = "<group>"; };
		A11366A229DFFBCA0039E07B /* moluccus_iosUITestsLaunchTests.swift */ = {isa = PBXFileReference; lastKnownFileType = sourcecode.swift; path = moluccus_iosUITestsLaunchTests.swift; sourceTree = "<group>"; };
		A11366C229E00E620039E07B /* ContentStart.swift */ = {isa = PBXFileReference; lastKnownFileType = sourcecode.swift; path = ContentStart.swift; sourceTree = "<group>"; };
		A11366C629E018B60039E07B /* GoogleService-Info.plist */ = {isa = PBXFileReference; lastKnownFileType = text.plist.xml; path = "GoogleService-Info.plist"; sourceTree = SOURCE_ROOT; };
		A11366C829E02BB80039E07B /* HomeView.swift */ = {isa = PBXFileReference; lastKnownFileType = sourcecode.swift; path = HomeView.swift; sourceTree = "<group>"; };
/* End PBXFileReference section */

/* Begin PBXFrameworksBuildPhase section */
		A113667E29DFFBC70039E07B /* Frameworks */ = {
			isa = PBXFrameworksBuildPhase;
			buildActionMask = 2147483647;
			files = (
				A11366B929E00ACA0039E07B /* FirebaseDatabaseSwift in Frameworks */,
				A11366B529E00ACA0039E07B /* FirebaseCrashlytics in Frameworks */,
				A11366BD29E00ACA0039E07B /* FirebaseMessaging in Frameworks */,
				A11366B129E00ACA0039E07B /* FirebaseAuth in Frameworks */,
				A11366B729E00ACA0039E07B /* FirebaseDatabase in Frameworks */,
				A11366BF29E00ACB0039E07B /* FirebaseStorage in Frameworks */,
				A11366B329E00ACA0039E07B /* FirebaseAuthCombine-Community in Frameworks */,
				A11366C129E00ACB0039E07B /* FirebaseStorageCombine-Community in Frameworks */,
				A11366BB29E00ACA0039E07B /* FirebaseInAppMessaging-Beta in Frameworks */,
			);
			runOnlyForDeploymentPostprocessing = 0;
		};
		A113668F29DFFBCA0039E07B /* Frameworks */ = {
			isa = PBXFrameworksBuildPhase;
			buildActionMask = 2147483647;
			files = (
			);
			runOnlyForDeploymentPostprocessing = 0;
		};
		A113669929DFFBCA0039E07B /* Frameworks */ = {
			isa = PBXFrameworksBuildPhase;
			buildActionMask = 2147483647;
			files = (
			);
			runOnlyForDeploymentPostprocessing = 0;
		};
/* End PBXFrameworksBuildPhase section */

/* Begin PBXGroup section */
		A113667829DFFBC70039E07B = {
			isa = PBXGroup;
			children = (
				A113668329DFFBC70039E07B /* moluccus-ios */,
				A11366C629E018B60039E07B /* GoogleService-Info.plist */,
				A113669529DFFBCA0039E07B /* moluccus-iosTests */,
				A113669F29DFFBCA0039E07B /* moluccus-iosUITests */,
				A113668229DFFBC70039E07B /* Products */,
			);
			sourceTree = "<group>";
		};
		A113668229DFFBC70039E07B /* Products */ = {
			isa = PBXGroup;
			children = (
				A113668129DFFBC70039E07B /* moluccus-ios.app */,
				A113669229DFFBCA0039E07B /* moluccus-iosTests.xctest */,
				A113669C29DFFBCA0039E07B /* moluccus-iosUITests.xctest */,
			);
			name = Products;
			sourceTree = "<group>";
		};
		A113668329DFFBC70039E07B /* moluccus-ios */ = {
			isa = PBXGroup;
			children = (
				A11366C829E02BB80039E07B /* HomeView.swift */,
				A11366C229E00E620039E07B /* ContentStart.swift */,
				A113668429DFFBC80039E07B /* moluccus_iosApp.swift */,
				A113668629DFFBC80039E07B /* ContentView.swift */,
				A113668829DFFBCA0039E07B /* Assets.xcassets */,
				A113668A29DFFBCA0039E07B /* moluccus_ios.entitlements */,
				A113668B29DFFBCA0039E07B /* Preview Content */,
			);
			path = "moluccus-ios";
			sourceTree = "<group>";
		};
		A113668B29DFFBCA0039E07B /* Preview Content */ = {
			isa = PBXGroup;
			children = (
				A113668C29DFFBCA0039E07B /* Preview Assets.xcassets */,
			);
			path = "Preview Content";
			sourceTree = "<group>";
		};
		A113669529DFFBCA0039E07B /* moluccus-iosTests */ = {
			isa = PBXGroup;
			children = (
				A113669629DFFBCA0039E07B /* moluccus_iosTests.swift */,
			);
			path = "moluccus-iosTests";
			sourceTree = "<group>";
		};
		A113669F29DFFBCA0039E07B /* moluccus-iosUITests */ = {
			isa = PBXGroup;
			children = (
				A11366A029DFFBCA0039E07B /* moluccus_iosUITests.swift */,
				A11366A229DFFBCA0039E07B /* moluccus_iosUITestsLaunchTests.swift */,
			);
			path = "moluccus-iosUITests";
			sourceTree = "<group>";
		};
/* End PBXGroup section */

/* Begin PBXNativeTarget section */
		A113668029DFFBC70039E07B /* moluccus-ios */ = {
			isa = PBXNativeTarget;
			buildConfigurationList = A11366A629DFFBCA0039E07B /* Build configuration list for PBXNativeTarget "moluccus-ios" */;
			buildPhases = (
				A113667D29DFFBC70039E07B /* Sources */,
				A113667E29DFFBC70039E07B /* Frameworks */,
				A113667F29DFFBC70039E07B /* Resources */,
			);
			buildRules = (
			);
			dependencies = (
			);
			name = "moluccus-ios";
			packageProductDependencies = (
				A11366B029E00ACA0039E07B /* FirebaseAuth */,
				A11366B229E00ACA0039E07B /* FirebaseAuthCombine-Community */,
				A11366B429E00ACA0039E07B /* FirebaseCrashlytics */,
				A11366B629E00ACA0039E07B /* FirebaseDatabase */,
				A11366B829E00ACA0039E07B /* FirebaseDatabaseSwift */,
				A11366BA29E00ACA0039E07B /* FirebaseInAppMessaging-Beta */,
				A11366BC29E00ACA0039E07B /* FirebaseMessaging */,
				A11366BE29E00ACB0039E07B /* FirebaseStorage */,
				A11366C029E00ACB0039E07B /* FirebaseStorageCombine-Community */,
			);
			productName = "moluccus-ios";
			productReference = A113668129DFFBC70039E07B /* moluccus-ios.app */;
			productType = "com.apple.product-type.application";
		};
		A113669129DFFBCA0039E07B /* moluccus-iosTests */ = {
			isa = PBXNativeTarget;
			buildConfigurationList = A11366A929DFFBCA0039E07B /* Build configuration list for PBXNativeTarget "moluccus-iosTests" */;
			buildPhases = (
				A113668E29DFFBCA0039E07B /* Sources */,
				A113668F29DFFBCA0039E07B /* Frameworks */,
				A113669029DFFBCA0039E07B /* Resources */,
			);
			buildRules = (
			);
			dependencies = (
				A113669429DFFBCA0039E07B /* PBXTargetDependency */,
			);
			name = "moluccus-iosTests";
			productName = "moluccus-iosTests";
			productReference = A113669229DFFBCA0039E07B /* moluccus-iosTests.xctest */;
			productType = "com.apple.product-type.bundle.unit-test";
		};
		A113669B29DFFBCA0039E07B /* moluccus-iosUITests */ = {
			isa = PBXNativeTarget;
			buildConfigurationList = A11366AC29DFFBCA0039E07B /* Build configuration list for PBXNativeTarget "moluccus-iosUITests" */;
			buildPhases = (
				A113669829DFFBCA0039E07B /* Sources */,
				A113669929DFFBCA0039E07B /* Frameworks */,
				A113669A29DFFBCA0039E07B /* Resources */,
			);
			buildRules = (
			);
			dependencies = (
				A113669E29DFFBCA0039E07B /* PBXTargetDependency */,
			);
			name = "moluccus-iosUITests";
			productName = "moluccus-iosUITests";
			productReference = A113669C29DFFBCA0039E07B /* moluccus-iosUITests.xctest */;
			productType = "com.apple.product-type.bundle.ui-testing";
		};
/* End PBXNativeTarget section */

/* Begin PBXProject section */
		A113667929DFFBC70039E07B /* Project object */ = {
			isa = PBXProject;
			attributes = {
				BuildIndependentTargetsInParallel = 1;
				LastSwiftUpdateCheck = 1420;
				LastUpgradeCheck = 1420;
				TargetAttributes = {
					A113668029DFFBC70039E07B = {
						CreatedOnToolsVersion = 14.2;
					};
					A113669129DFFBCA0039E07B = {
						CreatedOnToolsVersion = 14.2;
						TestTargetID = A113668029DFFBC70039E07B;
					};
					A113669B29DFFBCA0039E07B = {
						CreatedOnToolsVersion = 14.2;
						TestTargetID = A113668029DFFBC70039E07B;
					};
				};
			};
			buildConfigurationList = A113667C29DFFBC70039E07B /* Build configuration list for PBXProject "moluccus-ios" */;
			compatibilityVersion = "Xcode 14.0";
			developmentRegion = en;
			hasScannedForEncodings = 0;
			knownRegions = (
				en,
				Base,
			);
			mainGroup = A113667829DFFBC70039E07B;
			packageReferences = (
				A11366AF29E00ACA0039E07B /* XCRemoteSwiftPackageReference "firebase-ios-sdk" */,
			);
			productRefGroup = A113668229DFFBC70039E07B /* Products */;
			projectDirPath = "";
			projectRoot = "";
			targets = (
				A113668029DFFBC70039E07B /* moluccus-ios */,
				A113669129DFFBCA0039E07B /* moluccus-iosTests */,
				A113669B29DFFBCA0039E07B /* moluccus-iosUITests */,
			);
		};
/* End PBXProject section */

/* Begin PBXResourcesBuildPhase section */
		A113667F29DFFBC70039E07B /* Resources */ = {
			isa = PBXResourcesBuildPhase;
			buildActionMask = 2147483647;
			files = (
				A113668D29DFFBCA0039E07B /* Preview Assets.xcassets in Resources */,
				A113668929DFFBCA0039E07B /* Assets.xcassets in Resources */,
				A11366C729E018B70039E07B /* GoogleService-Info.plist in Resources */,
			);
			runOnlyForDeploymentPostprocessing = 0;
		};
		A113669029DFFBCA0039E07B /* Resources */ = {
			isa = PBXResourcesBuildPhase;
			buildActionMask = 2147483647;
			files = (
			);
			runOnlyForDeploymentPostprocessing = 0;
		};
		A113669A29DFFBCA0039E07B /* Resources */ = {
			isa = PBXResourcesBuildPhase;
			buildActionMask = 2147483647;
			files = (
			);
			runOnlyForDeploymentPostprocessing = 0;
		};
/* End PBXResourcesBuildPhase section */

/* Begin PBXSourcesBuildPhase section */
		A113667D29DFFBC70039E07B /* Sources */ = {
			isa = PBXSourcesBuildPhase;
			buildActionMask = 2147483647;
			files = (
				A113668729DFFBC80039E07B /* ContentView.swift in Sources */,
				A11366C929E02BB80039E07B /* HomeView.swift in Sources */,
				A11366C329E00E620039E07B /* ContentStart.swift in Sources */,
				A113668529DFFBC80039E07B /* moluccus_iosApp.swift in Sources */,
			);
			runOnlyForDeploymentPostprocessing = 0;
		};
		A113668E29DFFBCA0039E07B /* Sources */ = {
			isa = PBXSourcesBuildPhase;
			buildActionMask = 2147483647;
			files = (
				A11366C429E00E620039E07B /* ContentStart.swift in Sources */,
				A113669729DFFBCA0039E07B /* moluccus_iosTests.swift in Sources */,
			);
			runOnlyForDeploymentPostprocessing = 0;
		};
		A113669829DFFBCA0039E07B /* Sources */ = {
			isa = PBXSourcesBuildPhase;
			buildActionMask = 2147483647;
			files = (
				A11366A129DFFBCA0039E07B /* moluccus_iosUITests.swift in Sources */,
				A11366C529E00E620039E07B /* ContentStart.swift in Sources */,
				A11366A329DFFBCA0039E07B /* moluccus_iosUITestsLaunchTests.swift in Sources */,
			);
			runOnlyForDeploymentPostprocessing = 0;
		};
/* End PBXSourcesBuildPhase section */

/* Begin PBXTargetDependency section */
		A113669429DFFBCA0039E07B /* PBXTargetDependency */ = {
			isa = PBXTargetDependency;
			target = A113668029DFFBC70039E07B /* moluccus-ios */;
			targetProxy = A113669329DFFBCA0039E07B /* PBXContainerItemProxy */;
		};
		A113669E29DFFBCA0039E07B /* PBXTargetDependency */ = {
			isa = PBXTargetDependency;
			target = A113668029DFFBC70039E07B /* moluccus-ios */;
			targetProxy = A113669D29DFFBCA0039E07B /* PBXContainerItemProxy */;
		};
/* End PBXTargetDependency section */

/* Begin XCBuildConfiguration section */
		A11366A429DFFBCA0039E07B /* Debug */ = {
			isa = XCBuildConfiguration;
			buildSettings = {
				ALWAYS_SEARCH_USER_PATHS = NO;
				CLANG_ANALYZER_NONNULL = YES;
				CLANG_ANALYZER_NUMBER_OBJECT_CONVERSION = YES_AGGRESSIVE;
				CLANG_CXX_LANGUAGE_STANDARD = "gnu++20";
				CLANG_ENABLE_MODULES = YES;
				CLANG_ENABLE_OBJC_ARC = YES;
				CLANG_ENABLE_OBJC_WEAK = YES;
				CLANG_WARN_BLOCK_CAPTURE_AUTORELEASING = YES;
				CLANG_WARN_BOOL_CONVERSION = YES;
				CLANG_WARN_COMMA = YES;
				CLANG_WARN_CONSTANT_CONVERSION = YES;
				CLANG_WARN_DEPRECATED_OBJC_IMPLEMENTATIONS = YES;
				CLANG_WARN_DIRECT_OBJC_ISA_USAGE = YES_ERROR;
				CLANG_WARN_DOCUMENTATION_COMMENTS = YES;
				CLANG_WARN_EMPTY_BODY = YES;
				CLANG_WARN_ENUM_CONVERSION = YES;
				CLANG_WARN_INFINITE_RECURSION = YES;
				CLANG_WARN_INT_CONVERSION = YES;
				CLANG_WARN_NON_LITERAL_NULL_CONVERSION = YES;
				CLANG_WARN_OBJC_IMPLICIT_RETAIN_SELF = YES;
				CLANG_WARN_OBJC_LITERAL_CONVERSION = YES;
				CLANG_WARN_OBJC_ROOT_CLASS = YES_ERROR;
				CLANG_WARN_QUOTED_INCLUDE_IN_FRAMEWORK_HEADER = YES;
				CLANG_WARN_RANGE_LOOP_ANALYSIS = YES;
				CLANG_WARN_STRICT_PROTOTYPES = YES;
				CLANG_WARN_SUSPICIOUS_MOVE = YES;
				CLANG_WARN_UNGUARDED_AVAILABILITY = YES_AGGRESSIVE;
				CLANG_WARN_UNREACHABLE_CODE = YES;
				CLANG_WARN__DUPLICATE_METHOD_MATCH = YES;
				COPY_PHASE_STRIP = NO;
				DEBUG_INFORMATION_FORMAT = dwarf;
				ENABLE_STRICT_OBJC_MSGSEND = YES;
				ENABLE_TESTABILITY = YES;
				GCC_C_LANGUAGE_STANDARD = gnu11;
				GCC_DYNAMIC_NO_PIC = NO;
				GCC_NO_COMMON_BLOCKS = YES;
				GCC_OPTIMIZATION_LEVEL = 0;
				GCC_PREPROCESSOR_DEFINITIONS = (
					"DEBUG=1",
					"$(inherited)",
				);
				GCC_WARN_64_TO_32_BIT_CONVERSION = YES;
				GCC_WARN_ABOUT_RETURN_TYPE = YES_ERROR;
				GCC_WARN_UNDECLARED_SELECTOR = YES;
				GCC_WARN_UNINITIALIZED_AUTOS = YES_AGGRESSIVE;
				GCC_WARN_UNUSED_FUNCTION = YES;
				GCC_WARN_UNUSED_VARIABLE = YES;
				MTL_ENABLE_DEBUG_INFO = INCLUDE_SOURCE;
				MTL_FAST_MATH = YES;
				ONLY_ACTIVE_ARCH = YES;
				SWIFT_ACTIVE_COMPILATION_CONDITIONS = DEBUG;
				SWIFT_OPTIMIZATION_LEVEL = "-Onone";
			};
			name = Debug;
		};
		A11366A529DFFBCA0039E07B /* Release */ = {
			isa = XCBuildConfiguration;
			buildSettings = {
				ALWAYS_SEARCH_USER_PATHS = NO;
				CLANG_ANALYZER_NONNULL = YES;
				CLANG_ANALYZER_NUMBER_OBJECT_CONVERSION = YES_AGGRESSIVE;
				CLANG_CXX_LANGUAGE_STANDARD = "gnu++20";
				CLANG_ENABLE_MODULES = YES;
				CLANG_ENABLE_OBJC_ARC = YES;
				CLANG_ENABLE_OBJC_WEAK = YES;
				CLANG_WARN_BLOCK_CAPTURE_AUTORELEASING = YES;
				CLANG_WARN_BOOL_CONVERSION = YES;
				CLANG_WARN_COMMA = YES;
				CLANG_WARN_CONSTANT_CONVERSION = YES;
				CLANG_WARN_DEPRECATED_OBJC_IMPLEMENTATIONS = YES;
				CLANG_WARN_DIRECT_OBJC_ISA_USAGE = YES_ERROR;
				CLANG_WARN_DOCUMENTATION_COMMENTS = YES;
				CLANG_WARN_EMPTY_BODY = YES;
				CLANG_WARN_ENUM_CONVERSION = YES;
				CLANG_WARN_INFINITE_RECURSION = YES;
				CLANG_WARN_INT_CONVERSION = YES;
				CLANG_WARN_NON_LITERAL_NULL_CONVERSION = YES;
				CLANG_WARN_OBJC_IMPLICIT_RETAIN_SELF = YES;
				CLANG_WARN_OBJC_LITERAL_CONVERSION = YES;
				CLANG_WARN_OBJC_ROOT_CLASS = YES_ERROR;
				CLANG_WARN_QUOTED_INCLUDE_IN_FRAMEWORK_HEADER = YES;
				CLANG_WARN_RANGE_LOOP_ANALYSIS = YES;
				CLANG_WARN_STRICT_PROTOTYPES = YES;
				CLANG_WARN_SUSPICIOUS_MOVE = YES;
				CLANG_WARN_UNGUARDED_AVAILABILITY = YES_AGGRESSIVE;
				CLANG_WARN_UNREACHABLE_CODE = YES;
				CLANG_WARN__DUPLICATE_METHOD_MATCH = YES;
				COPY_PHASE_STRIP = NO;
				DEBUG_INFORMATION_FORMAT = "dwarf-with-dsym";
				ENABLE_NS_ASSERTIONS = NO;
				ENABLE_STRICT_OBJC_MSGSEND = YES;
				GCC_C_LANGUAGE_STANDARD = gnu11;
				GCC_NO_COMMON_BLOCKS = YES;
				GCC_WARN_64_TO_32_BIT_CONVERSION = YES;
				GCC_WARN_ABOUT_RETURN_TYPE = YES_ERROR;
				GCC_WARN_UNDECLARED_SELECTOR = YES;
				GCC_WARN_UNINITIALIZED_AUTOS = YES_AGGRESSIVE;
				GCC_WARN_UNUSED_FUNCTION = YES;
				GCC_WARN_UNUSED_VARIABLE = YES;
				MTL_ENABLE_DEBUG_INFO = NO;
				MTL_FAST_MATH = YES;
				SWIFT_COMPILATION_MODE = wholemodule;
				SWIFT_OPTIMIZATION_LEVEL = "-O";
			};
			name = Release;
		};
		A11366A729DFFBCA0039E07B /* Debug */ = {
			isa = XCBuildConfiguration;
			buildSettings = {
				ASSETCATALOG_COMPILER_APPICON_NAME = AppIcon;
				ASSETCATALOG_COMPILER_GLOBAL_ACCENT_COLOR_NAME = AccentColor;
				CODE_SIGN_ENTITLEMENTS = "moluccus-ios/moluccus_ios.entitlements";
				CODE_SIGN_STYLE = Automatic;
				CURRENT_PROJECT_VERSION = 1;
				DEVELOPMENT_ASSET_PATHS = "\"moluccus-ios/Preview Content\"";
				ENABLE_PREVIEWS = YES;
				GENERATE_INFOPLIST_FILE = YES;
				"INFOPLIST_KEY_UIApplicationSceneManifest_Generation[sdk=iphoneos*]" = YES;
				"INFOPLIST_KEY_UIApplicationSceneManifest_Generation[sdk=iphonesimulator*]" = YES;
				"INFOPLIST_KEY_UIApplicationSupportsIndirectInputEvents[sdk=iphoneos*]" = YES;
				"INFOPLIST_KEY_UIApplicationSupportsIndirectInputEvents[sdk=iphonesimulator*]" = YES;
				"INFOPLIST_KEY_UILaunchScreen_Generation[sdk=iphoneos*]" = YES;
				"INFOPLIST_KEY_UILaunchScreen_Generation[sdk=iphonesimulator*]" = YES;
				"INFOPLIST_KEY_UIStatusBarStyle[sdk=iphoneos*]" = UIStatusBarStyleDefault;
				"INFOPLIST_KEY_UIStatusBarStyle[sdk=iphonesimulator*]" = UIStatusBarStyleDefault;
				INFOPLIST_KEY_UISupportedInterfaceOrientations_iPad = "UIInterfaceOrientationPortrait UIInterfaceOrientationPortraitUpsideDown UIInterfaceOrientationLandscapeLeft UIInterfaceOrientationLandscapeRight";
				INFOPLIST_KEY_UISupportedInterfaceOrientations_iPhone = "UIInterfaceOrientationPortrait UIInterfaceOrientationLandscapeLeft UIInterfaceOrientationLandscapeRight";
				IPHONEOS_DEPLOYMENT_TARGET = 16.2;
				LD_RUNPATH_SEARCH_PATHS = "@executable_path/Frameworks";
				"LD_RUNPATH_SEARCH_PATHS[sdk=macosx*]" = "@executable_path/../Frameworks";
				MACOSX_DEPLOYMENT_TARGET = 12.6;
				MARKETING_VERSION = 1.0;
				PRODUCT_BUNDLE_IDENTIFIER = "moluccus.app.moluccus-ios";
				PRODUCT_NAME = "$(TARGET_NAME)";
				SDKROOT = auto;
				SUPPORTED_PLATFORMS = "iphoneos iphonesimulator macosx";
				SWIFT_EMIT_LOC_STRINGS = YES;
				SWIFT_VERSION = 5.0;
				TARGETED_DEVICE_FAMILY = "1,2";
			};
			name = Debug;
		};
		A11366A829DFFBCA0039E07B /* Release */ = {
			isa = XCBuildConfiguration;
			buildSettings = {
				ASSETCATALOG_COMPILER_APPICON_NAME = AppIcon;
				ASSETCATALOG_COMPILER_GLOBAL_ACCENT_COLOR_NAME = AccentColor;
				CODE_SIGN_ENTITLEMENTS = "moluccus-ios/moluccus_ios.entitlements";
				CODE_SIGN_STYLE = Automatic;
				CURRENT_PROJECT_VERSION = 1;
				DEVELOPMENT_ASSET_PATHS = "\"moluccus-ios/Preview Content\"";
				ENABLE_PREVIEWS = YES;
				GENERATE_INFOPLIST_FILE = YES;
				"INFOPLIST_KEY_UIApplicationSceneManifest_Generation[sdk=iphoneos*]" = YES;
				"INFOPLIST_KEY_UIApplicationSceneManifest_Generation[sdk=iphonesimulator*]" = YES;
				"INFOPLIST_KEY_UIApplicationSupportsIndirectInputEvents[sdk=iphoneos*]" = YES;
				"INFOPLIST_KEY_UIApplicationSupportsIndirectInputEvents[sdk=iphonesimulator*]" = YES;
				"INFOPLIST_KEY_UILaunchScreen_Generation[sdk=iphoneos*]" = YES;
				"INFOPLIST_KEY_UILaunchScreen_Generation[sdk=iphonesimulator*]" = YES;
				"INFOPLIST_KEY_UIStatusBarStyle[sdk=iphoneos*]" = UIStatusBarStyleDefault;
				"INFOPLIST_KEY_UIStatusBarStyle[sdk=iphonesimulator*]" = UIStatusBarStyleDefault;
				INFOPLIST_KEY_UISupportedInterfaceOrientations_iPad = "UIInterfaceOrientationPortrait UIInterfaceOrientationPortraitUpsideDown UIInterfaceOrientationLandscapeLeft UIInterfaceOrientationLandscapeRight";
				INFOPLIST_KEY_UISupportedInterfaceOrientations_iPhone = "UIInterfaceOrientationPortrait UIInterfaceOrientationLandscapeLeft UIInterfaceOrientationLandscapeRight";
				IPHONEOS_DEPLOYMENT_TARGET = 16.2;
				LD_RUNPATH_SEARCH_PATHS = "@executable_path/Frameworks";
				"LD_RUNPATH_SEARCH_PATHS[sdk=macosx*]" = "@executable_path/../Frameworks";
				MACOSX_DEPLOYMENT_TARGET = 12.6;
				MARKETING_VERSION = 1.0;
				PRODUCT_BUNDLE_IDENTIFIER = "moluccus.app.moluccus-ios";
				PRODUCT_NAME = "$(TARGET_NAME)";
				SDKROOT = auto;
				SUPPORTED_PLATFORMS = "iphoneos iphonesimulator macosx";
				SWIFT_EMIT_LOC_STRINGS = YES;
				SWIFT_VERSION = 5.0;
				TARGETED_DEVICE_FAMILY = "1,2";
			};
			name = Release;
		};
		A11366AA29DFFBCA0039E07B /* Debug */ = {
			isa = XCBuildConfiguration;
			buildSettings = {
				ALWAYS_EMBED_SWIFT_STANDARD_LIBRARIES = YES;
				BUNDLE_LOADER = "$(TEST_HOST)";
				CODE_SIGN_STYLE = Automatic;
				CURRENT_PROJECT_VERSION = 1;
				GENERATE_INFOPLIST_FILE = YES;
				IPHONEOS_DEPLOYMENT_TARGET = 16.2;
				MACOSX_DEPLOYMENT_TARGET = 12.6;
				MARKETING_VERSION = 1.0;
				PRODUCT_BUNDLE_IDENTIFIER = "moluccus.app.moluccus-iosTests";
				PRODUCT_NAME = "$(TARGET_NAME)";
				SDKROOT = auto;
				SUPPORTED_PLATFORMS = "iphoneos iphonesimulator macosx";
				SWIFT_EMIT_LOC_STRINGS = NO;
				SWIFT_VERSION = 5.0;
				TARGETED_DEVICE_FAMILY = "1,2";
				TEST_HOST = "$(BUILT_PRODUCTS_DIR)/moluccus-ios.app/$(BUNDLE_EXECUTABLE_FOLDER_PATH)/moluccus-ios";
			};
			name = Debug;
		};
		A11366AB29DFFBCA0039E07B /* Release */ = {
			isa = XCBuildConfiguration;
			buildSettings = {
				ALWAYS_EMBED_SWIFT_STANDARD_LIBRARIES = YES;
				BUNDLE_LOADER = "$(TEST_HOST)";
				CODE_SIGN_STYLE = Automatic;
				CURRENT_PROJECT_VERSION = 1;
				GENERATE_INFOPLIST_FILE = YES;
				IPHONEOS_DEPLOYMENT_TARGET = 16.2;
				MACOSX_DEPLOYMENT_TARGET = 12.6;
				MARKETING_VERSION = 1.0;
				PRODUCT_BUNDLE_IDENTIFIER = "moluccus.app.moluccus-iosTests";
				PRODUCT_NAME = "$(TARGET_NAME)";
				SDKROOT = auto;
				SUPPORTED_PLATFORMS = "iphoneos iphonesimulator macosx";
				SWIFT_EMIT_LOC_STRINGS = NO;
				SWIFT_VERSION = 5.0;
				TARGETED_DEVICE_FAMILY = "1,2";
				TEST_HOST = "$(BUILT_PRODUCTS_DIR)/moluccus-ios.app/$(BUNDLE_EXECUTABLE_FOLDER_PATH)/moluccus-ios";
			};
			name = Release;
		};
		A11366AD29DFFBCA0039E07B /* Debug */ = {
			isa = XCBuildConfiguration;
			buildSettings = {
				ALWAYS_EMBED_SWIFT_STANDARD_LIBRARIES = YES;
				CODE_SIGN_STYLE = Automatic;
				CURRENT_PROJECT_VERSION = 1;
				GENERATE_INFOPLIST_FILE = YES;
				IPHONEOS_DEPLOYMENT_TARGET = 16.2;
				MACOSX_DEPLOYMENT_TARGET = 12.6;
				MARKETING_VERSION = 1.0;
				PRODUCT_BUNDLE_IDENTIFIER = "moluccus.app.moluccus-iosUITests";
				PRODUCT_NAME = "$(TARGET_NAME)";
				SDKROOT = auto;
				SUPPORTED_PLATFORMS = "iphoneos iphonesimulator macosx";
				SWIFT_EMIT_LOC_STRINGS = NO;
				SWIFT_VERSION = 5.0;
				TARGETED_DEVICE_FAMILY = "1,2";
				TEST_TARGET_NAME = "moluccus-ios";
			};
			name = Debug;
		};
		A11366AE29DFFBCA0039E07B /* Release */ = {
			isa = XCBuildConfiguration;
			buildSettings = {
				ALWAYS_EMBED_SWIFT_STANDARD_LIBRARIES = YES;
				CODE_SIGN_STYLE = Automatic;
				CURRENT_PROJECT_VERSION = 1;
				GENERATE_INFOPLIST_FILE = YES;
				IPHONEOS_DEPLOYMENT_TARGET = 16.2;
				MACOSX_DEPLOYMENT_TARGET = 12.6;
				MARKETING_VERSION = 1.0;
				PRODUCT_BUNDLE_IDENTIFIER = "moluccus.app.moluccus-iosUITests";
				PRODUCT_NAME = "$(TARGET_NAME)";
				SDKROOT = auto;
				SUPPORTED_PLATFORMS = "iphoneos iphonesimulator macosx";
				SWIFT_EMIT_LOC_STRINGS = NO;
				SWIFT_VERSION = 5.0;
				TARGETED_DEVICE_FAMILY = "1,2";
				TEST_TARGET_NAME = "moluccus-ios";
			};
			name = Release;
		};
/* End XCBuildConfiguration section */

/* Begin XCConfigurationList section */
		A113667C29DFFBC70039E07B /* Build configuration list for PBXProject "moluccus-ios" */ = {
			isa = XCConfigurationList;
			buildConfigurations = (
				A11366A429DFFBCA0039E07B /* Debug */,
				A11366A529DFFBCA0039E07B /* Release */,
			);
			defaultConfigurationIsVisible = 0;
			defaultConfigurationName = Release;
		};
		A11366A629DFFBCA0039E07B /* Build configuration list for PBXNativeTarget "moluccus-ios" */ = {
			isa = XCConfigurationList;
			buildConfigurations = (
				A11366A729DFFBCA0039E07B /* Debug */,
				A11366A829DFFBCA0039E07B /* Release */,
			);
			defaultConfigurationIsVisible = 0;
			defaultConfigurationName = Release;
		};
		A11366A929DFFBCA0039E07B /* Build configuration list for PBXNativeTarget "moluccus-iosTests" */ = {
			isa = XCConfigurationList;
			buildConfigurations = (
				A11366AA29DFFBCA0039E07B /* Debug */,
				A11366AB29DFFBCA0039E07B /* Release */,
			);
			defaultConfigurationIsVisible = 0;
			defaultConfigurationName = Release;
		};
		A11366AC29DFFBCA0039E07B /* Build configuration list for PBXNativeTarget "moluccus-iosUITests" */ = {
			isa = XCConfigurationList;
			buildConfigurations = (
				A11366AD29DFFBCA0039E07B /* Debug */,
				A11366AE29DFFBCA0039E07B /* Release */,
			);
			defaultConfigurationIsVisible = 0;
			defaultConfigurationName = Release;
		};
/* End XCConfigurationList section */

/* Begin XCRemoteSwiftPackageReference section */
		A11366AF29E00ACA0039E07B /* XCRemoteSwiftPackageReference "firebase-ios-sdk" */ = {
			isa = XCRemoteSwiftPackageReference;
			repositoryURL = "https://github.com/firebase/firebase-ios-sdk";
			requirement = {
				kind = upToNextMajorVersion;
				minimumVersion = 9.0.0;
			};
		};
/* End XCRemoteSwiftPackageReference section */

/* Begin XCSwiftPackageProductDependency section */
		A11366B029E00ACA0039E07B /* FirebaseAuth */ = {
			isa = XCSwiftPackageProductDependency;
			package = A11366AF29E00ACA0039E07B /* XCRemoteSwiftPackageReference "firebase-ios-sdk" */;
			productName = FirebaseAuth;
		};
		A11366B229E00ACA0039E07B /* FirebaseAuthCombine-Community */ = {
			isa = XCSwiftPackageProductDependency;
			package = A11366AF29E00ACA0039E07B /* XCRemoteSwiftPackageReference "firebase-ios-sdk" */;
			productName = "FirebaseAuthCombine-Community";
		};
		A11366B429E00ACA0039E07B /* FirebaseCrashlytics */ = {
			isa = XCSwiftPackageProductDependency;
			package = A11366AF29E00ACA0039E07B /* XCRemoteSwiftPackageReference "firebase-ios-sdk" */;
			productName = FirebaseCrashlytics;
		};
		A11366B629E00ACA0039E07B /* FirebaseDatabase */ = {
			isa = XCSwiftPackageProductDependency;
			package = A11366AF29E00ACA0039E07B /* XCRemoteSwiftPackageReference "firebase-ios-sdk" */;
			productName = FirebaseDatabase;
		};
		A11366B829E00ACA0039E07B /* FirebaseDatabaseSwift */ = {
			isa = XCSwiftPackageProductDependency;
			package = A11366AF29E00ACA0039E07B /* XCRemoteSwiftPackageReference "firebase-ios-sdk" */;
			productName = FirebaseDatabaseSwift;
		};
		A11366BA29E00ACA0039E07B /* FirebaseInAppMessaging-Beta */ = {
			isa = XCSwiftPackageProductDependency;
			package = A11366AF29E00ACA0039E07B /* XCRemoteSwiftPackageReference "firebase-ios-sdk" */;
			productName = "FirebaseInAppMessaging-Beta";
		};
		A11366BC29E00ACA0039E07B /* FirebaseMessaging */ = {
			isa = XCSwiftPackageProductDependency;
			package = A11366AF29E00ACA0039E07B /* XCRemoteSwiftPackageReference "firebase-ios-sdk" */;
			productName = FirebaseMessaging;
		};
		A11366BE29E00ACB0039E07B /* FirebaseStorage */ = {
			isa = XCSwiftPackageProductDependency;
			package = A11366AF29E00ACA0039E07B /* XCRemoteSwiftPackageReference "firebase-ios-sdk" */;
			productName = FirebaseStorage;
		};
		A11366C029E00ACB0039E07B /* FirebaseStorageCombine-Community */ = {
			isa = XCSwiftPackageProductDependency;
			package = A11366AF29E00ACA0039E07B /* XCRemoteSwiftPackageReference "firebase-ios-sdk" */;
			productName = "FirebaseStorageCombine-Community";
		};
/* End XCSwiftPackageProductDependency section */
	};
	rootObject = A113667929DFFBC70039E07B /* Project object */;
}
